{
  "name": "@adonisjs/router",
  "version": "1.5.5",
  "lockfileVersion": 1,
  "requires": true,
  "dependencies": {
    "@adonisjs/utils": {
      "version": "1.4.1",
      "requires": {
        "require-all": "^3.0.0"
      }
    },
    "@arr/every": {
      "version": "1.0.0",
      "resolved": "https://registry.npmjs.org/@arr/every/-/every-1.0.0.tgz",
      "integrity": "sha1-MU+BaPUK5IoDLP2tX9tDb0ZKl6w="
    },
    "lodash": {
      "version": "4.17.11",
      "resolved": "https://registry.npmjs.org/lodash/-/lodash-4.17.11.tgz",
      "integrity": "sha512-cQKh8igo5QUhZ7lg38DYWAxMvjSAKG0A8wGSVimP07SIUEK2UO+arSRKbRZWtelMtN5V0Hkwh5ryOto/SshYIg=="
    },
    "macroable": {
      "version": "2.0.2",
      "resolved": "https://registry.npmjs.org/macroable/-/macroable-2.0.2.tgz",
      "integrity": "sha512-EvZpcVSKqubE4U2ikQ6sqTuoTrjSBFKxXdgmVNc5thfhHyf1/gT12izZfizxHFUJkTNy/4wYWJfgOaX2AVKEpA==",
      "requires": {
        "node-exceptions": "^4.0.1"
      }
    },
    "matchit": {
      "version": "git+https://github.com/thetutlage/matchit.git#1d0a7ece4276799750a0aed33d168c2feecdffc4",
      "from": "git+https://github.com/thetutlage/matchit.git",
      "requires": {
        "@arr/every": "^1.0.0"
      }
    },
    "node-exceptions": {
      "version": "4.0.1",
      "resolved": "https://registry.npmjs.org/node-exceptions/-/node-exceptions-4.0.1.tgz",
      "integrity": "sha512-KJI+FawYOv74x60H6+zrBPfO2vvp9m0pHZi6SH8BBBuc67Irv11DsqY4Le4EBFq1/T5aXFU3hkLrMgtW7RNXxA=="
    },
    "pluralize": {
      "version": "7.0.0",
      "resolved": "https://registry.npmjs.org/pluralize/-/pluralize-7.0.0.tgz",
      "integrity": "sha512-ARhBOdzS3e41FbkW/XWrTEtukqqLoK5+Z/4UeDaLuSW+39JPeFgs4gCGqsrJHVZX0fUrx//4OF0K1CUGwlIFow=="
    }
  }
}
