{
  "name": "@adonisjs/profiler",
  "version": "1.1.4",
  "lockfileVersion": 1,
  "requires": true,
  "dependencies": {
    "@adonisjs/utils": {
      "version": "1.4.0",
      "resolved": "https://registry.npmjs.org/@adonisjs/utils/-/utils-1.4.0.tgz",
      "integrity": "sha512-7o3NkLZFdQh31+4KJEdK0nL0MCPiDauAuDqXeiX0O+veVmj/Z3+kejfsdJkR+9eWnFv5cj+yzimuvTJB0Vxjaw==",
      "requires": {
        "require-all": "^3.0.0"
      }
    },
    "require-all": {
      "version": "3.0.0",
      "resolved": "https://registry.npmjs.org/require-all/-/require-all-3.0.0.tgz",
      "integrity": "sha1-Rz1JcEvjEBFc4ST3c4Ox69hnExI="
    },
    "uniqid": {
      "version": "5.0.3",
      "resolved": "https://registry.npmjs.org/uniqid/-/uniqid-5.0.3.tgz",
      "integrity": "sha512-R2qx3X/LYWSdGRaluio4dYrPXAJACTqyUjuyXHoJLBUOIfmMcnYOyY2d6Y4clZcIz5lK6ZaI0Zzmm0cPfsIqzQ=="
    }
  }
}
