{
	"name": "@adonisjs/core",
	"version": "1.1.0",
	"lockfileVersion": 1,
	"requires": true,
	"dependencies": {
		"@adonisjs/fold": {
			"version": "5.0.1",
			"resolved": "https://registry.npmjs.org/@adonisjs/fold/-/fold-5.0.1.tgz",
			"integrity": "sha512-4q214mPcXeSduVYCChxfmbuHOl3yeKY47+jwKP4/Ote6PfHNHcLMIk0msyl9ZaoRbYFKrMQ1e/LdsJJmMMNUbQ==",
			"dev": true
		},
		"@adonisjs/request": {
			"version": "1.1.4",
			"resolved": "https://registry.npmjs.org/@adonisjs/request/-/request-1.1.4.tgz",
			"integrity": "sha512-/hVlS5mKz9dL15osF0XqbCZh0WvPbq7Npvhd8lOdUCrCHIIiytKNUjXyzZPq00VpXckQnPdNsu+eFVFBc78YLA==",
			"requires": {
				"@adonisjs/utils": "^1.2.0",
				"accepts": "^1.3.5",
				"fresh": "^0.5.2",
				"get-value": "^3.0.1",
				"macroable": "^2.0.0",
				"object.omit": "^3.0.0",
				"object.pick": "^1.3.0",
				"proxy-addr": "^2.0.4",
				"qs": "^6.6.0",
				"type-is": "^1.6.16"
			}
		},
		"@adonisjs/response": {
			"version": "1.1.5",
			"resolved": "https://registry.npmjs.org/@adonisjs/response/-/response-1.1.5.tgz",
			"integrity": "sha512-Go+QF8XN86ZU9IMuCoKP5FCRahGin77WXPn0AozjzCPQyqNLT62RMUB70Z75cfyOD5PkdyVtV3JnfZiNwQ9bLg==",
			"requires": {
				"@adonisjs/utils": "^1.2.0",
				"content-disposition": "^0.5.3",
				"destroy": "^1.0.4",
				"etag": "^1.8.1",
				"fresh": "^0.5.2",
				"macroable": "^2.0.0",
				"mime-types": "^2.1.21",
				"on-finished": "^2.3.0",
				"vary": "^1.1.2"
			}
		},
		"@adonisjs/router": {
			"version": "1.3.0",
			"resolved": "https://registry.npmjs.org/@adonisjs/router/-/router-1.3.0.tgz",
			"integrity": "sha512-jwo5lTdvi9mwsLsIQV/p9YIhFE2A3f/CtaJFe5rf/fdPlow4MUf+C+UijjBWTD4nJW0b1oRwVQs5etqAYpgQkw==",
			"requires": {
				"@adonisjs/utils": "^1.2.0",
				"matchit": "git+https://github.com/thetutlage/matchit.git#1d0a7ece4276799750a0aed33d168c2feecdffc4",
				"object.pick": "^1.3.0",
				"pluralize": "^7.0.0"
			}
		},
		"@adonisjs/server": {
			"version": "1.1.0",
			"resolved": "https://registry.npmjs.org/@adonisjs/server/-/server-1.1.0.tgz",
			"integrity": "sha512-mGRf4x0GfyYQ+18XQt9ZWBi62H912MMMvXCSzQ7kx+dNY/S91jDpJ4ENUZQZGVt7uUwWrO90KhMBcyoiQSIe/Q==",
			"requires": {
				"@adonisjs/utils": "^1.2.0",
				"co-compose": "^5.1.1",
				"haye": "^2.0.2"
			}
		},
		"@adonisjs/utils": {
			"version": "1.2.0",
			"resolved": "https://registry.npmjs.org/@adonisjs/utils/-/utils-1.2.0.tgz",
			"integrity": "sha512-ykSs2c5jI0i57DdcctMS5aYnUq9R53c8uMPiqwfv50Nd903pSvNPFz/vEa87weFmQ6gyN1308R/GEX8805opcw=="
		},
		"@arr/every": {
			"version": "1.0.0",
			"resolved": "https://registry.npmjs.org/@arr/every/-/every-1.0.0.tgz",
			"integrity": "sha1-MU+BaPUK5IoDLP2tX9tDb0ZKl6w="
		},
		"accepts": {
			"version": "1.3.5",
			"resolved": "https://registry.npmjs.org/accepts/-/accepts-1.3.5.tgz",
			"integrity": "sha1-63d99gEXI6OxTopywIBcjoZ0a9I=",
			"requires": {
				"mime-types": "~2.1.18",
				"negotiator": "0.6.1"
			}
		},
		"asynckit": {
			"version": "0.4.0",
			"resolved": "https://registry.npmjs.org/asynckit/-/asynckit-0.4.0.tgz",
			"integrity": "sha1-x57Zf380y48robyXkLzDZkdLS3k=",
			"dev": true
		},
		"callsites": {
			"version": "3.0.0",
			"resolved": "https://registry.npmjs.org/callsites/-/callsites-3.0.0.tgz",
			"integrity": "sha512-tWnkwu9YEq2uzlBDI4RcLn8jrFvF9AOi8PxDNU3hZZjJcjkcRAq3vCI+vZcg1SuxISDYe86k9VZFwAxDiJGoAw==",
			"dev": true
		},
		"clear-module": {
			"version": "3.1.0",
			"resolved": "https://registry.npmjs.org/clear-module/-/clear-module-3.1.0.tgz",
			"integrity": "sha512-YEe9OX62MYUMjw16Vf2txyzZ3x2ICXNOrjuZ+06MMhnx3fy7V121h9VA3M3bMTtDg8oEfQ2f/fLuhxrSLXS8uw==",
			"dev": true,
			"requires": {
				"parent-module": "^1.0.0",
				"resolve-from": "^4.0.0"
			}
		},
		"co-compose": {
			"version": "5.1.1",
			"resolved": "https://registry.npmjs.org/co-compose/-/co-compose-5.1.1.tgz",
			"integrity": "sha512-RO5bsg/ZXq6ld5JrujFjGCTLIIPYkw8ndQzIRBd3U5Em4N9Te8OnKLcJnLLUo0rbqg8xlN9VNMm2WN2DtFv4+g=="
		},
		"combined-stream": {
			"version": "1.0.7",
			"resolved": "https://registry.npmjs.org/combined-stream/-/combined-stream-1.0.7.tgz",
			"integrity": "sha512-brWl9y6vOB1xYPZcpZde3N9zDByXTosAeMDo4p1wzo6UMOX4vumB+TP1RZ76sfE6Md68Q0NJSrE/gbezd4Ul+w==",
			"dev": true,
			"requires": {
				"delayed-stream": "~1.0.0"
			}
		},
		"component-emitter": {
			"version": "1.2.1",
			"resolved": "https://registry.npmjs.org/component-emitter/-/component-emitter-1.2.1.tgz",
			"integrity": "sha1-E3kY1teCg/ffemt8WmPhQOaUJeY=",
			"dev": true
		},
		"content-disposition": {
			"version": "0.5.3",
			"resolved": "https://registry.npmjs.org/content-disposition/-/content-disposition-0.5.3.tgz",
			"integrity": "sha512-ExO0774ikEObIAEV9kDo50o+79VCUdEB6n6lzKgGwupcVeRlhrj3qGAfwq8G6uBJjkqLrhT0qEYFcWng8z1z0g==",
			"requires": {
				"safe-buffer": "5.1.2"
			}
		},
		"cookiejar": {
			"version": "2.1.2",
			"resolved": "https://registry.npmjs.org/cookiejar/-/cookiejar-2.1.2.tgz",
			"integrity": "sha512-Mw+adcfzPxcPeI+0WlvRrr/3lGVO0bD75SxX6811cxSh1Wbxx7xZBGK1eVtDf6si8rg2lhnUjsVLMFMfbRIuwA==",
			"dev": true
		},
		"core-util-is": {
			"version": "1.0.2",
			"resolved": "https://registry.npmjs.org/core-util-is/-/core-util-is-1.0.2.tgz",
			"integrity": "sha1-tf1UIgqivFq1eqtxQMlAdUUDwac=",
			"dev": true
		},
		"debug": {
			"version": "3.2.6",
			"resolved": "https://registry.npmjs.org/debug/-/debug-3.2.6.tgz",
			"integrity": "sha512-mel+jf7nrtEl5Pn1Qx46zARXKDpBbvzezse7p7LqINmdoIk8PYP5SySaxEmYv6TZ0JyEKA1hsCId6DIhgITtWQ==",
			"dev": true,
			"requires": {
				"ms": "^2.1.1"
			}
		},
		"delayed-stream": {
			"version": "1.0.0",
			"resolved": "https://registry.npmjs.org/delayed-stream/-/delayed-stream-1.0.0.tgz",
			"integrity": "sha1-3zrhmayt+31ECqrgsp4icrJOxhk=",
			"dev": true
		},
		"destroy": {
			"version": "1.0.4",
			"resolved": "https://registry.npmjs.org/destroy/-/destroy-1.0.4.tgz",
			"integrity": "sha1-l4hXRCxEdJ5CBmE+N5RiBYJqvYA="
		},
		"dotenv": {
			"version": "6.2.0",
			"resolved": "https://registry.npmjs.org/dotenv/-/dotenv-6.2.0.tgz",
			"integrity": "sha512-HygQCKUBSFl8wKQZBSemMywRWcEDNidvNbjGVyZu3nbZ8qq9ubiPoGLMdRDpfSrpkkm9BXYFkpKxxFX38o/76w=="
		},
		"ee-first": {
			"version": "1.1.1",
			"resolved": "https://registry.npmjs.org/ee-first/-/ee-first-1.1.1.tgz",
			"integrity": "sha1-WQxhFWsK4vTwJVcyoViyZrxWsh0="
		},
		"etag": {
			"version": "1.8.1",
			"resolved": "https://registry.npmjs.org/etag/-/etag-1.8.1.tgz",
			"integrity": "sha1-Qa4u62XvpiJorr/qg6x9eSmbCIc="
		},
		"extend": {
			"version": "3.0.2",
			"resolved": "https://registry.npmjs.org/extend/-/extend-3.0.2.tgz",
			"integrity": "sha512-fjquC59cD7CyW6urNXK0FBufkZcoiGG80wTuPujX590cB5Ttln20E2UB4S/WARVqhXffZl2LNgS+gQdPIIim/g==",
			"dev": true
		},
		"form-data": {
			"version": "2.3.3",
			"resolved": "https://registry.npmjs.org/form-data/-/form-data-2.3.3.tgz",
			"integrity": "sha512-1lLKB2Mu3aGP1Q/2eCOx0fNbRMe7XdwktwOruhfqqd0rIJWwN4Dh+E3hrPSlDCXnSR7UtZ1N38rVXm+6+MEhJQ==",
			"dev": true,
			"requires": {
				"asynckit": "^0.4.0",
				"combined-stream": "^1.0.6",
				"mime-types": "^2.1.12"
			}
		},
		"formidable": {
			"version": "1.2.1",
			"resolved": "https://registry.npmjs.org/formidable/-/formidable-1.2.1.tgz",
			"integrity": "sha512-Fs9VRguL0gqGHkXS5GQiMCr1VhZBxz0JnJs4JmMp/2jL18Fmbzvv7vOFRU+U8TBkHEE/CX1qDXzJplVULgsLeg==",
			"dev": true
		},
		"forwarded": {
			"version": "0.1.2",
			"resolved": "https://registry.npmjs.org/forwarded/-/forwarded-0.1.2.tgz",
			"integrity": "sha1-mMI9qxF1ZXuMBXPozszZGw/xjIQ="
		},
		"fresh": {
			"version": "0.5.2",
			"resolved": "https://registry.npmjs.org/fresh/-/fresh-0.5.2.tgz",
			"integrity": "sha1-PYyt2Q2XZWn6g1qx+OSyOhBWBac="
		},
		"fs-extra": {
			"version": "7.0.1",
			"resolved": "https://registry.npmjs.org/fs-extra/-/fs-extra-7.0.1.tgz",
			"integrity": "sha512-YJDaCJZEnBmcbw13fvdAM9AwNOJwOzrE4pqMqBq5nFiEqXUqHwlK4B+3pUw6JNvfSPtX05xFHtYy/1ni01eGCw==",
			"dev": true,
			"requires": {
				"graceful-fs": "^4.1.2",
				"jsonfile": "^4.0.0",
				"universalify": "^0.1.0"
			}
		},
		"get-value": {
			"version": "3.0.1",
			"resolved": "https://registry.npmjs.org/get-value/-/get-value-3.0.1.tgz",
			"integrity": "sha512-mKZj9JLQrwMBtj5wxi6MH8Z5eSKaERpAwjg43dPtlGI1ZVEgH/qC7T8/6R2OBSUA+zzHBZgICsVJaEIV2tKTDA==",
			"requires": {
				"isobject": "^3.0.1"
			}
		},
		"graceful-fs": {
			"version": "4.1.15",
			"resolved": "https://registry.npmjs.org/graceful-fs/-/graceful-fs-4.1.15.tgz",
			"integrity": "sha512-6uHUhOPEBgQ24HM+r6b/QwWfZq+yiFcipKFrOFiBEnWdy5sdzYoi+pJeQaPI5qOLRFqWmAXUPQNsielzdLoecA==",
			"dev": true
		},
		"haye": {
			"version": "2.0.2",
			"resolved": "https://registry.npmjs.org/haye/-/haye-2.0.2.tgz",
			"integrity": "sha512-C+jeFipAuwLLmQziwQrXuHzUIihDzqoLpCpwDWYFQVCIyqi5ZvC+4YtzawPTmd1tIKo0ULf+4P0Mw8irUdXIpg=="
		},
		"inherits": {
			"version": "2.0.3",
			"resolved": "https://registry.npmjs.org/inherits/-/inherits-2.0.3.tgz",
			"integrity": "sha1-Yzwsg+PaQqUC9SRmAiSA9CCCYd4=",
			"dev": true
		},
		"ipaddr.js": {
			"version": "1.8.0",
			"resolved": "https://registry.npmjs.org/ipaddr.js/-/ipaddr.js-1.8.0.tgz",
			"integrity": "sha1-6qM9bd16zo9/b+DJygRA5wZzix4="
		},
		"is-extendable": {
			"version": "1.0.1",
			"resolved": "https://registry.npmjs.org/is-extendable/-/is-extendable-1.0.1.tgz",
			"integrity": "sha512-arnXMxT1hhoKo9k1LZdmlNyJdDDfy2v0fXjFlmok4+i8ul/6WlbVge9bhM74OpNPQPMGUToDtz+KXa1PneJxOA==",
			"requires": {
				"is-plain-object": "^2.0.4"
			}
		},
		"is-plain-object": {
			"version": "2.0.4",
			"resolved": "https://registry.npmjs.org/is-plain-object/-/is-plain-object-2.0.4.tgz",
			"integrity": "sha512-h5PpgXkWitc38BBMYawTYMWJHFZJVnBquFE57xFpjB8pJFiF6gZ+bU+WyI/yqXiFR5mdLsgYNaPe8uao6Uv9Og==",
			"requires": {
				"isobject": "^3.0.1"
			}
		},
		"isarray": {
			"version": "1.0.0",
			"resolved": "https://registry.npmjs.org/isarray/-/isarray-1.0.0.tgz",
			"integrity": "sha1-u5NdSFgsuhaMBoNJV6VKPgcSTxE=",
			"dev": true
		},
		"isobject": {
			"version": "3.0.1",
			"resolved": "https://registry.npmjs.org/isobject/-/isobject-3.0.1.tgz",
			"integrity": "sha1-TkMekrEalzFjaqH5yNHMvP2reN8="
		},
		"jsonfile": {
			"version": "4.0.0",
			"resolved": "https://registry.npmjs.org/jsonfile/-/jsonfile-4.0.0.tgz",
			"integrity": "sha1-h3Gq4HmbZAdrdmQPygWPnBDjPss=",
			"dev": true,
			"requires": {
				"graceful-fs": "^4.1.6"
			}
		},
		"lodash": {
			"version": "4.17.11",
			"resolved": "https://registry.npmjs.org/lodash/-/lodash-4.17.11.tgz",
			"integrity": "sha512-cQKh8igo5QUhZ7lg38DYWAxMvjSAKG0A8wGSVimP07SIUEK2UO+arSRKbRZWtelMtN5V0Hkwh5ryOto/SshYIg=="
		},
		"macroable": {
			"version": "2.0.0",
			"resolved": "https://registry.npmjs.org/macroable/-/macroable-2.0.0.tgz",
			"integrity": "sha512-OYgHJouBK1jxuXgovIM0E04iehWaIR+vGIxmWuaRb1PMiL3bd52op63O5OGc6UxS9thFYdvCRqQsjPr5n2Ny4Q==",
			"requires": {
				"node-exceptions": "^4.0.1"
			}
		},
		"matchit": {
			"version": "git+https://github.com/thetutlage/matchit.git#1d0a7ece4276799750a0aed33d168c2feecdffc4",
			"from": "git+https://github.com/thetutlage/matchit.git",
			"requires": {
				"@arr/every": "^1.0.0"
			}
		},
		"media-typer": {
			"version": "0.3.0",
			"resolved": "https://registry.npmjs.org/media-typer/-/media-typer-0.3.0.tgz",
			"integrity": "sha1-hxDXrwqmJvj/+hzgAWhUUmMlV0g="
		},
		"methods": {
			"version": "1.1.2",
			"resolved": "https://registry.npmjs.org/methods/-/methods-1.1.2.tgz",
			"integrity": "sha1-VSmk1nZUE07cxSZmVoNbD4Ua/O4=",
			"dev": true
		},
		"mime": {
			"version": "1.6.0",
			"resolved": "https://registry.npmjs.org/mime/-/mime-1.6.0.tgz",
			"integrity": "sha512-x0Vn8spI+wuJ1O6S7gnbaQg8Pxh4NNHb7KSINmEWKiPE4RKOplvijn+NkmYmmRgP68mc70j2EbeTFRsrswaQeg==",
			"dev": true
		},
		"mime-db": {
			"version": "1.37.0",
			"resolved": "https://registry.npmjs.org/mime-db/-/mime-db-1.37.0.tgz",
			"integrity": "sha512-R3C4db6bgQhlIhPU48fUtdVmKnflq+hRdad7IyKhtFj06VPNVdk2RhiYL3UjQIlso8L+YxAtFkobT0VK+S/ybg=="
		},
		"mime-types": {
			"version": "2.1.21",
			"resolved": "https://registry.npmjs.org/mime-types/-/mime-types-2.1.21.tgz",
			"integrity": "sha512-3iL6DbwpyLzjR3xHSFNFeb9Nz/M8WDkX33t1GFQnFOllWk8pOrh/LSrB5OXlnlW5P9LH73X6loW/eogc+F5lJg==",
			"requires": {
				"mime-db": "~1.37.0"
			}
		},
		"ms": {
			"version": "2.1.1",
			"resolved": "https://registry.npmjs.org/ms/-/ms-2.1.1.tgz",
			"integrity": "sha512-tgp+dl5cGk28utYktBsrFqA7HKgrhgPsg6Z/EfhWI4gl1Hwq8B/GmY/0oXZ6nF8hDVesS/FpnYaD/kOWhYQvyg==",
			"dev": true
		},
		"negotiator": {
			"version": "0.6.1",
			"resolved": "https://registry.npmjs.org/negotiator/-/negotiator-0.6.1.tgz",
			"integrity": "sha1-KzJxhOiZIQEXeyhWP7XnECrNDKk="
		},
		"node-exceptions": {
			"version": "4.0.1",
			"resolved": "https://registry.npmjs.org/node-exceptions/-/node-exceptions-4.0.1.tgz",
			"integrity": "sha512-KJI+FawYOv74x60H6+zrBPfO2vvp9m0pHZi6SH8BBBuc67Irv11DsqY4Le4EBFq1/T5aXFU3hkLrMgtW7RNXxA=="
		},
		"object.omit": {
			"version": "3.0.0",
			"resolved": "https://registry.npmjs.org/object.omit/-/object.omit-3.0.0.tgz",
			"integrity": "sha512-EO+BCv6LJfu+gBIF3ggLicFebFLN5zqzz/WWJlMFfkMyGth+oBkhxzDl0wx2W4GkLzuQs/FsSkXZb2IMWQqmBQ==",
			"requires": {
				"is-extendable": "^1.0.0"
			}
		},
		"object.pick": {
			"version": "1.3.0",
			"resolved": "https://registry.npmjs.org/object.pick/-/object.pick-1.3.0.tgz",
			"integrity": "sha1-h6EKxMFpS9Lhy/U1kaZhQftd10c=",
			"requires": {
				"isobject": "^3.0.1"
			}
		},
		"on-finished": {
			"version": "2.3.0",
			"resolved": "https://registry.npmjs.org/on-finished/-/on-finished-2.3.0.tgz",
			"integrity": "sha1-IPEzZIGwg811M3mSoWlxqi2QaUc=",
			"requires": {
				"ee-first": "1.1.1"
			}
		},
		"parent-module": {
			"version": "1.0.0",
			"resolved": "https://registry.npmjs.org/parent-module/-/parent-module-1.0.0.tgz",
			"integrity": "sha512-8Mf5juOMmiE4FcmzYc4IaiS9L3+9paz2KOiXzkRviCP6aDmN49Hz6EMWz0lGNp9pX80GvvAuLADtyGfW/Em3TA==",
			"dev": true,
			"requires": {
				"callsites": "^3.0.0"
			}
		},
		"pluralize": {
			"version": "7.0.0",
			"resolved": "https://registry.npmjs.org/pluralize/-/pluralize-7.0.0.tgz",
			"integrity": "sha512-ARhBOdzS3e41FbkW/XWrTEtukqqLoK5+Z/4UeDaLuSW+39JPeFgs4gCGqsrJHVZX0fUrx//4OF0K1CUGwlIFow=="
		},
		"process-nextick-args": {
			"version": "2.0.0",
			"resolved": "https://registry.npmjs.org/process-nextick-args/-/process-nextick-args-2.0.0.tgz",
			"integrity": "sha512-MtEC1TqN0EU5nephaJ4rAtThHtC86dNN9qCuEhtshvpVBkAW5ZO7BASN9REnF9eoXGcRub+pFuKEpOHE+HbEMw==",
			"dev": true
		},
		"proxy-addr": {
			"version": "2.0.4",
			"resolved": "https://registry.npmjs.org/proxy-addr/-/proxy-addr-2.0.4.tgz",
			"integrity": "sha512-5erio2h9jp5CHGwcybmxmVqHmnCBZeewlfJ0pex+UW7Qny7OOZXTtH56TGNyBizkgiOwhJtMKrVzDTeKcySZwA==",
			"requires": {
				"forwarded": "~0.1.2",
				"ipaddr.js": "1.8.0"
			}
		},
		"qs": {
			"version": "6.6.0",
			"resolved": "https://registry.npmjs.org/qs/-/qs-6.6.0.tgz",
			"integrity": "sha512-KIJqT9jQJDQx5h5uAVPimw6yVg2SekOKu959OCtktD3FjzbpvaPr8i4zzg07DOMz+igA4W/aNM7OV8H37pFYfA=="
		},
		"readable-stream": {
			"version": "2.3.6",
			"resolved": "https://registry.npmjs.org/readable-stream/-/readable-stream-2.3.6.tgz",
			"integrity": "sha512-tQtKA9WIAhBF3+VLAseyMqZeBjW0AHJoxOtYqSUZNJxauErmLbVm2FW1y+J/YA9dUrAC39ITejlZWhVIwawkKw==",
			"dev": true,
			"requires": {
				"core-util-is": "~1.0.0",
				"inherits": "~2.0.3",
				"isarray": "~1.0.0",
				"process-nextick-args": "~2.0.0",
				"safe-buffer": "~5.1.1",
				"string_decoder": "~1.1.1",
				"util-deprecate": "~1.0.1"
			}
		},
		"require-all": {
			"version": "3.0.0",
			"resolved": "https://registry.npmjs.org/require-all/-/require-all-3.0.0.tgz",
			"integrity": "sha1-Rz1JcEvjEBFc4ST3c4Ox69hnExI="
		},
		"resolve-from": {
			"version": "4.0.0",
			"resolved": "https://registry.npmjs.org/resolve-from/-/resolve-from-4.0.0.tgz",
			"integrity": "sha512-pb/MYmXstAkysRFx8piNI1tGFNQIFA3vkE3Gq4EuA1dF6gHp/+vgZqsCGJapvy8N3Q+4o7FwvquPJcnZ7RYy4g==",
			"dev": true
		},
		"safe-buffer": {
			"version": "5.1.2",
			"resolved": "https://registry.npmjs.org/safe-buffer/-/safe-buffer-5.1.2.tgz",
			"integrity": "sha512-Gd2UZBJDkXlY7GbJxfsE8/nvKkUEU1G38c1siN6QP6a9PT9MmHB8GnpscSmMJSoF8LOIrt8ud/wPtojys4G6+g=="
		},
		"string_decoder": {
			"version": "1.1.1",
			"resolved": "https://registry.npmjs.org/string_decoder/-/string_decoder-1.1.1.tgz",
			"integrity": "sha512-n/ShnvDi6FHbbVfviro+WojiFzv+s8MPMHBczVePfUpDJLwoLT0ht1l4YwBCbi8pJAveEEdnkHyPyTP/mzRfwg==",
			"dev": true,
			"requires": {
				"safe-buffer": "~5.1.0"
			}
		},
		"superagent": {
			"version": "3.8.3",
			"resolved": "https://registry.npmjs.org/superagent/-/superagent-3.8.3.tgz",
			"integrity": "sha512-GLQtLMCoEIK4eDv6OGtkOoSMt3D+oq0y3dsxMuYuDvaNUvuT8eFBuLmfR0iYYzHC1e8hpzC6ZsxbuP6DIalMFA==",
			"dev": true,
			"requires": {
				"component-emitter": "^1.2.0",
				"cookiejar": "^2.1.0",
				"debug": "^3.1.0",
				"extend": "^3.0.0",
				"form-data": "^2.3.1",
				"formidable": "^1.2.0",
				"methods": "^1.1.1",
				"mime": "^1.4.1",
				"qs": "^6.5.1",
				"readable-stream": "^2.3.5"
			}
		},
		"supertest": {
			"version": "3.4.2",
			"resolved": "https://registry.npmjs.org/supertest/-/supertest-3.4.2.tgz",
			"integrity": "sha512-WZWbwceHUo2P36RoEIdXvmqfs47idNNZjCuJOqDz6rvtkk8ym56aU5oglORCpPeXGxT7l9rkJ41+O1lffQXYSA==",
			"dev": true,
			"requires": {
				"methods": "^1.1.2",
				"superagent": "^3.8.3"
			}
		},
		"type-is": {
			"version": "1.6.16",
			"resolved": "https://registry.npmjs.org/type-is/-/type-is-1.6.16.tgz",
			"integrity": "sha512-HRkVv/5qY2G6I8iab9cI7v1bOIdhm94dVjQCPFElW9W+3GeDOSHmy2EBYe4VTApuzolPcmgFTN3ftVJRKR2J9Q==",
			"requires": {
				"media-typer": "0.3.0",
				"mime-types": "~2.1.18"
			}
		},
		"universalify": {
			"version": "0.1.2",
			"resolved": "https://registry.npmjs.org/universalify/-/universalify-0.1.2.tgz",
			"integrity": "sha512-rBJeI5CXAlmy1pV+617WB9J63U6XcazHHF2f2dbJix4XzpUF0RS3Zbj0FGIOCAva5P/d/GBOYaACQ1w+0azUkg==",
			"dev": true
		},
		"util-deprecate": {
			"version": "1.0.2",
			"resolved": "https://registry.npmjs.org/util-deprecate/-/util-deprecate-1.0.2.tgz",
			"integrity": "sha1-RQ1Nyfpw3nMnYvvS1KKJgUGaDM8=",
			"dev": true
		},
		"vary": {
			"version": "1.1.2",
			"resolved": "https://registry.npmjs.org/vary/-/vary-1.1.2.tgz",
			"integrity": "sha1-IpnwLG3tMNSllhsLn3RSShj2NPw="
		}
	}
}
